
Microsoft Visual Studio Solution File, Format Version 12.00
# Visual Studio Version 17
VisualStudioVersion = 17.0.31903.59
MinimumVisualStudioVersion = 10.0.40219.1
Project("{2150E333-8FDC-42A3-9474-1A3956D46DE8}") = "01", "01", "{270B7829-6D23-4B34-91FE-D87D533AF2AB}"
EndProject
Project("{FAE04EC0-301F-11D3-BF4B-00C04F79EFBC}") = "HistorianHysteria", "01\HistorianHysteria\HistorianHysteria.csproj", "{1AFE2FF1-A55D-4D86-A9BB-9875CA0D14D8}"
EndProject
Project("{FAE04EC0-301F-11D3-BF4B-00C04F79EFBC}") = "HistorianHysteria.Tests", "01\HistorianHysteria.Tests\HistorianHysteria.Tests.csproj", "{60DB12DB-3F63-4D9E-BA5A-ACEE0C9E1D05}"
EndProject
Project("{2150E333-8FDC-42A3-9474-1A3956D46DE8}") = "02", "02", "{F73AFAD4-FBCE-4A39-B69E-CDA1B3921902}"
EndProject
Project("{FAE04EC0-301F-11D3-BF4B-00C04F79EFBC}") = "RedNosedReports", "02\RedNosedReports\RedNosedReports.csproj", "{C2904CE1-B31B-47E4-B1A3-E2EC30731179}"
EndProject
Project("{FAE04EC0-301F-11D3-BF4B-00C04F79EFBC}") = "RedNosedReports.Tests", "02\RedNosedReports.Tests\RedNosedReports.Tests.csproj", "{8275EA3C-B88A-4719-866C-A5B49BD6B74E}"
EndProject
Project("{2150E333-8FDC-42A3-9474-1A3956D46DE8}") = "03", "03", "{D4B938F3-3B4A-4020-BDD5-6F1A55063F83}"
	ProjectSection(SolutionItems) = preProject
		03\INPUT.txt = 03\INPUT.txt
		03\PROBLEM.md = 03\PROBLEM.md
	EndProjectSection
EndProject
Project("{FAE04EC0-301F-11D3-BF4B-00C04F79EFBC}") = "MullItOver.Tests", "03\MullItOver.Tests\MullItOver.Tests.csproj", "{1705CBAF-D90F-4303-932B-3AA65AC7A06B}"
EndProject
Project("{FAE04EC0-301F-11D3-BF4B-00C04F79EFBC}") = "MullItOver", "03\MullItOver\MullItOver.csproj", "{B0F3B761-E902-4853-85D0-E4DACABBBD2B}"
EndProject
Project("{2150E333-8FDC-42A3-9474-1A3956D46DE8}") = "04", "04", "{90547399-676A-4C0E-8CC1-75B7055DE486}"
EndProject
Project("{FAE04EC0-301F-11D3-BF4B-00C04F79EFBC}") = "CeresSearch.Tests", "04\CeresSearch.Tests\CeresSearch.Tests.csproj", "{72B647D7-6F26-4661-BF59-2687233B9976}"
EndProject
Project("{FAE04EC0-301F-11D3-BF4B-00C04F79EFBC}") = "CeresSearch", "04\CeresSearch\CeresSearch.csproj", "{3CC6D885-66BC-4F8B-89BF-C299D31AE9FB}"
EndProject
Project("{2150E333-8FDC-42A3-9474-1A3956D46DE8}") = "05", "05", "{7253666E-E9DA-4F2E-9A19-8C40D96CC7C1}"
	ProjectSection(SolutionItems) = preProject
		05\INPUT.txt = 05\INPUT.txt
	EndProjectSection
EndProject
Project("{FAE04EC0-301F-11D3-BF4B-00C04F79EFBC}") = "PrintQueue", "05\PrintQueue\PrintQueue.csproj", "{DAF18CE4-2203-407C-BACD-8401BECD74AB}"
EndProject
Project("{FAE04EC0-301F-11D3-BF4B-00C04F79EFBC}") = "PrintQueue.Tests", "05\PrintQueue.Tests\PrintQueue.Tests.csproj", "{4563BCC8-A1E6-448C-BF2D-D0A3E85B9654}"
EndProject
Project("{2150E333-8FDC-42A3-9474-1A3956D46DE8}") = "06", "06", "{293B49F7-594F-4F27-B018-A732820FB797}"
	ProjectSection(SolutionItems) = preProject
		06\INPUT.txt = 06\INPUT.txt
		06\PROBLEM.md = 06\PROBLEM.md
	EndProjectSection
EndProject
Project("{FAE04EC0-301F-11D3-BF4B-00C04F79EFBC}") = "GuardGallivant", "06\GuardGallivant\GuardGallivant.csproj", "{ED53DF83-2434-413E-8D03-47694F4B63F7}"
EndProject
Project("{FAE04EC0-301F-11D3-BF4B-00C04F79EFBC}") = "GuardGallivant.Tests", "06\GuardGallivant.Tests\GuardGallivant.Tests.csproj", "{F76B41EB-C479-437E-A98B-137A237E2B71}"
EndProject
Project("{2150E333-8FDC-42A3-9474-1A3956D46DE8}") = "07", "07", "{73EE2FA2-6417-4518-9790-72D4F2B62CAF}"
	ProjectSection(SolutionItems) = preProject
		07\INPUT.txt = 07\INPUT.txt
		07\PROBLEM.md = 07\PROBLEM.md
	EndProjectSection
EndProject
Project("{FAE04EC0-301F-11D3-BF4B-00C04F79EFBC}") = "BridgeRepair", "07\BridgeRepair\BridgeRepair.csproj", "{C9D192EE-0384-4875-BB32-54F7168D6C3C}"
EndProject
Project("{FAE04EC0-301F-11D3-BF4B-00C04F79EFBC}") = "BridgeRepair.Tests", "07\BridgeRepair.Tests\BridgeRepair.Tests.csproj", "{23C9756E-F2F4-44CA-B38A-DB92782D7858}"
EndProject
Project("{2150E333-8FDC-42A3-9474-1A3956D46DE8}") = "08", "08", "{F2A51E88-BCCC-4778-9369-63E72D052554}"
EndProject
Project("{FAE04EC0-301F-11D3-BF4B-00C04F79EFBC}") = "ResonantCollinearity", "08\ResonantCollinearity\ResonantCollinearity.csproj", "{425DF10B-4621-4882-935A-0320F1C4B6DD}"
EndProject
Project("{FAE04EC0-301F-11D3-BF4B-00C04F79EFBC}") = "ResonantCollinearity.Tests", "08\ResonantCollinearity.Tests\ResonantCollinearity.Tests.csproj", "{4741807B-CD85-4A87-BE6E-DC506C4CD1E6}"
EndProject
Global
	GlobalSection(SolutionConfigurationPlatforms) = preSolution
		Debug|Any CPU = Debug|Any CPU
		Release|Any CPU = Release|Any CPU
	EndGlobalSection
	GlobalSection(SolutionProperties) = preSolution
		HideSolutionNode = FALSE
	EndGlobalSection
	GlobalSection(ProjectConfigurationPlatforms) = postSolution
		{1AFE2FF1-A55D-4D86-A9BB-9875CA0D14D8}.Debug|Any CPU.ActiveCfg = Debug|Any CPU
		{1AFE2FF1-A55D-4D86-A9BB-9875CA0D14D8}.Debug|Any CPU.Build.0 = Debug|Any CPU
		{1AFE2FF1-A55D-4D86-A9BB-9875CA0D14D8}.Release|Any CPU.ActiveCfg = Release|Any CPU
		{1AFE2FF1-A55D-4D86-A9BB-9875CA0D14D8}.Release|Any CPU.Build.0 = Release|Any CPU
		{60DB12DB-3F63-4D9E-BA5A-ACEE0C9E1D05}.Debug|Any CPU.ActiveCfg = Debug|Any CPU
		{60DB12DB-3F63-4D9E-BA5A-ACEE0C9E1D05}.Debug|Any CPU.Build.0 = Debug|Any CPU
		{60DB12DB-3F63-4D9E-BA5A-ACEE0C9E1D05}.Release|Any CPU.ActiveCfg = Release|Any CPU
		{60DB12DB-3F63-4D9E-BA5A-ACEE0C9E1D05}.Release|Any CPU.Build.0 = Release|Any CPU
		{C2904CE1-B31B-47E4-B1A3-E2EC30731179}.Debug|Any CPU.ActiveCfg = Debug|Any CPU
		{C2904CE1-B31B-47E4-B1A3-E2EC30731179}.Debug|Any CPU.Build.0 = Debug|Any CPU
		{C2904CE1-B31B-47E4-B1A3-E2EC30731179}.Release|Any CPU.ActiveCfg = Release|Any CPU
		{C2904CE1-B31B-47E4-B1A3-E2EC30731179}.Release|Any CPU.Build.0 = Release|Any CPU
		{8275EA3C-B88A-4719-866C-A5B49BD6B74E}.Debug|Any CPU.ActiveCfg = Debug|Any CPU
		{8275EA3C-B88A-4719-866C-A5B49BD6B74E}.Debug|Any CPU.Build.0 = Debug|Any CPU
		{8275EA3C-B88A-4719-866C-A5B49BD6B74E}.Release|Any CPU.ActiveCfg = Release|Any CPU
		{8275EA3C-B88A-4719-866C-A5B49BD6B74E}.Release|Any CPU.Build.0 = Release|Any CPU
		{1705CBAF-D90F-4303-932B-3AA65AC7A06B}.Debug|Any CPU.ActiveCfg = Debug|Any CPU
		{1705CBAF-D90F-4303-932B-3AA65AC7A06B}.Debug|Any CPU.Build.0 = Debug|Any CPU
		{1705CBAF-D90F-4303-932B-3AA65AC7A06B}.Release|Any CPU.ActiveCfg = Release|Any CPU
		{1705CBAF-D90F-4303-932B-3AA65AC7A06B}.Release|Any CPU.Build.0 = Release|Any CPU
		{B0F3B761-E902-4853-85D0-E4DACABBBD2B}.Debug|Any CPU.ActiveCfg = Debug|Any CPU
		{B0F3B761-E902-4853-85D0-E4DACABBBD2B}.Debug|Any CPU.Build.0 = Debug|Any CPU
		{B0F3B761-E902-4853-85D0-E4DACABBBD2B}.Release|Any CPU.ActiveCfg = Release|Any CPU
		{B0F3B761-E902-4853-85D0-E4DACABBBD2B}.Release|Any CPU.Build.0 = Release|Any CPU
		{72B647D7-6F26-4661-BF59-2687233B9976}.Debug|Any CPU.ActiveCfg = Debug|Any CPU
		{72B647D7-6F26-4661-BF59-2687233B9976}.Debug|Any CPU.Build.0 = Debug|Any CPU
		{72B647D7-6F26-4661-BF59-2687233B9976}.Release|Any CPU.ActiveCfg = Release|Any CPU
		{72B647D7-6F26-4661-BF59-2687233B9976}.Release|Any CPU.Build.0 = Release|Any CPU
		{3CC6D885-66BC-4F8B-89BF-C299D31AE9FB}.Debug|Any CPU.ActiveCfg = Debug|Any CPU
		{3CC6D885-66BC-4F8B-89BF-C299D31AE9FB}.Debug|Any CPU.Build.0 = Debug|Any CPU
		{3CC6D885-66BC-4F8B-89BF-C299D31AE9FB}.Release|Any CPU.ActiveCfg = Release|Any CPU
		{3CC6D885-66BC-4F8B-89BF-C299D31AE9FB}.Release|Any CPU.Build.0 = Release|Any CPU
		{DAF18CE4-2203-407C-BACD-8401BECD74AB}.Debug|Any CPU.ActiveCfg = Debug|Any CPU
		{DAF18CE4-2203-407C-BACD-8401BECD74AB}.Debug|Any CPU.Build.0 = Debug|Any CPU
		{DAF18CE4-2203-407C-BACD-8401BECD74AB}.Release|Any CPU.ActiveCfg = Release|Any CPU
		{DAF18CE4-2203-407C-BACD-8401BECD74AB}.Release|Any CPU.Build.0 = Release|Any CPU
		{4563BCC8-A1E6-448C-BF2D-D0A3E85B9654}.Debug|Any CPU.ActiveCfg = Debug|Any CPU
		{4563BCC8-A1E6-448C-BF2D-D0A3E85B9654}.Debug|Any CPU.Build.0 = Debug|Any CPU
		{4563BCC8-A1E6-448C-BF2D-D0A3E85B9654}.Release|Any CPU.ActiveCfg = Release|Any CPU
		{4563BCC8-A1E6-448C-BF2D-D0A3E85B9654}.Release|Any CPU.Build.0 = Release|Any CPU
		{ED53DF83-2434-413E-8D03-47694F4B63F7}.Debug|Any CPU.ActiveCfg = Debug|Any CPU
		{ED53DF83-2434-413E-8D03-47694F4B63F7}.Debug|Any CPU.Build.0 = Debug|Any CPU
		{ED53DF83-2434-413E-8D03-47694F4B63F7}.Release|Any CPU.ActiveCfg = Release|Any CPU
		{ED53DF83-2434-413E-8D03-47694F4B63F7}.Release|Any CPU.Build.0 = Release|Any CPU
		{F76B41EB-C479-437E-A98B-137A237E2B71}.Debug|Any CPU.ActiveCfg = Debug|Any CPU
		{F76B41EB-C479-437E-A98B-137A237E2B71}.Debug|Any CPU.Build.0 = Debug|Any CPU
		{F76B41EB-C479-437E-A98B-137A237E2B71}.Release|Any CPU.ActiveCfg = Release|Any CPU
		{F76B41EB-C479-437E-A98B-137A237E2B71}.Release|Any CPU.Build.0 = Release|Any CPU
		{C9D192EE-0384-4875-BB32-54F7168D6C3C}.Debug|Any CPU.ActiveCfg = Debug|Any CPU
		{C9D192EE-0384-4875-BB32-54F7168D6C3C}.Debug|Any CPU.Build.0 = Debug|Any CPU
		{C9D192EE-0384-4875-BB32-54F7168D6C3C}.Release|Any CPU.ActiveCfg = Release|Any CPU
		{C9D192EE-0384-4875-BB32-54F7168D6C3C}.Release|Any CPU.Build.0 = Release|Any CPU
		{23C9756E-F2F4-44CA-B38A-DB92782D7858}.Debug|Any CPU.ActiveCfg = Debug|Any CPU
		{23C9756E-F2F4-44CA-B38A-DB92782D7858}.Debug|Any CPU.Build.0 = Debug|Any CPU
		{23C9756E-F2F4-44CA-B38A-DB92782D7858}.Release|Any CPU.ActiveCfg = Release|Any CPU
		{23C9756E-F2F4-44CA-B38A-DB92782D7858}.Release|Any CPU.Build.0 = Release|Any CPU
		{425DF10B-4621-4882-935A-0320F1C4B6DD}.Debug|Any CPU.ActiveCfg = Debug|Any CPU
		{425DF10B-4621-4882-935A-0320F1C4B6DD}.Debug|Any CPU.Build.0 = Debug|Any CPU
		{425DF10B-4621-4882-935A-0320F1C4B6DD}.Release|Any CPU.ActiveCfg = Release|Any CPU
		{425DF10B-4621-4882-935A-0320F1C4B6DD}.Release|Any CPU.Build.0 = Release|Any CPU
		{4741807B-CD85-4A87-BE6E-DC506C4CD1E6}.Debug|Any CPU.ActiveCfg = Debug|Any CPU
		{4741807B-CD85-4A87-BE6E-DC506C4CD1E6}.Debug|Any CPU.Build.0 = Debug|Any CPU
		{4741807B-CD85-4A87-BE6E-DC506C4CD1E6}.Release|Any CPU.ActiveCfg = Release|Any CPU
		{4741807B-CD85-4A87-BE6E-DC506C4CD1E6}.Release|Any CPU.Build.0 = Release|Any CPU
	EndGlobalSection
	GlobalSection(NestedProjects) = preSolution
		{1AFE2FF1-A55D-4D86-A9BB-9875CA0D14D8} = {270B7829-6D23-4B34-91FE-D87D533AF2AB}
		{60DB12DB-3F63-4D9E-BA5A-ACEE0C9E1D05} = {270B7829-6D23-4B34-91FE-D87D533AF2AB}
		{C2904CE1-B31B-47E4-B1A3-E2EC30731179} = {F73AFAD4-FBCE-4A39-B69E-CDA1B3921902}
		{8275EA3C-B88A-4719-866C-A5B49BD6B74E} = {F73AFAD4-FBCE-4A39-B69E-CDA1B3921902}
		{1705CBAF-D90F-4303-932B-3AA65AC7A06B} = {D4B938F3-3B4A-4020-BDD5-6F1A55063F83}
		{B0F3B761-E902-4853-85D0-E4DACABBBD2B} = {D4B938F3-3B4A-4020-BDD5-6F1A55063F83}
		{72B647D7-6F26-4661-BF59-2687233B9976} = {90547399-676A-4C0E-8CC1-75B7055DE486}
		{3CC6D885-66BC-4F8B-89BF-C299D31AE9FB} = {90547399-676A-4C0E-8CC1-75B7055DE486}
		{DAF18CE4-2203-407C-BACD-8401BECD74AB} = {7253666E-E9DA-4F2E-9A19-8C40D96CC7C1}
		{4563BCC8-A1E6-448C-BF2D-D0A3E85B9654} = {7253666E-E9DA-4F2E-9A19-8C40D96CC7C1}
		{ED53DF83-2434-413E-8D03-47694F4B63F7} = {293B49F7-594F-4F27-B018-A732820FB797}
		{F76B41EB-C479-437E-A98B-137A237E2B71} = {293B49F7-594F-4F27-B018-A732820FB797}
		{C9D192EE-0384-4875-BB32-54F7168D6C3C} = {73EE2FA2-6417-4518-9790-72D4F2B62CAF}
		{23C9756E-F2F4-44CA-B38A-DB92782D7858} = {73EE2FA2-6417-4518-9790-72D4F2B62CAF}
		{425DF10B-4621-4882-935A-0320F1C4B6DD} = {F2A51E88-BCCC-4778-9369-63E72D052554}
		{4741807B-CD85-4A87-BE6E-DC506C4CD1E6} = {F2A51E88-BCCC-4778-9369-63E72D052554}
	EndGlobalSection
EndGlobal
