
Microsoft Visual Studio Solution File, Format Version 12.00
# Visual Studio Version 17
VisualStudioVersion = 17.0.31903.59
MinimumVisualStudioVersion = 10.0.40219.1
Project("{2150E333-8FDC-42A3-9474-1A3956D46DE8}") = "01", "01", "{270B7829-6D23-4B34-91FE-D87D533AF2AB}"
EndProject
Project("{FAE04EC0-301F-11D3-BF4B-00C04F79EFBC}") = "HistorianHysteria", "01\HistorianHysteria\HistorianHysteria.csproj", "{1AFE2FF1-A55D-4D86-A9BB-9875CA0D14D8}"
EndProject
Project("{FAE04EC0-301F-11D3-BF4B-00C04F79EFBC}") = "HistorianHysteria.Tests", "01\HistorianHysteria.Tests\HistorianHysteria.Tests.csproj", "{60DB12DB-3F63-4D9E-BA5A-ACEE0C9E1D05}"
EndProject
Project("{2150E333-8FDC-42A3-9474-1A3956D46DE8}") = "02", "02", "{F73AFAD4-FBCE-4A39-B69E-CDA1B3921902}"
EndProject
Project("{FAE04EC0-301F-11D3-BF4B-00C04F79EFBC}") = "RedNosedReports", "02\RedNosedReports\RedNosedReports.csproj", "{C2904CE1-B31B-47E4-B1A3-E2EC30731179}"
EndProject
Project("{FAE04EC0-301F-11D3-BF4B-00C04F79EFBC}") = "RedNosedReports.Tests", "02\RedNosedReports.Tests\RedNosedReports.Tests.csproj", "{8275EA3C-B88A-4719-866C-A5B49BD6B74E}"
EndProject
Project("{2150E333-8FDC-42A3-9474-1A3956D46DE8}") = "03", "03", "{D4B938F3-3B4A-4020-BDD5-6F1A55063F83}"
	ProjectSection(SolutionItems) = preProject
		03\INPUT.txt = 03\INPUT.txt
		03\PROBLEM.md = 03\PROBLEM.md
	EndProjectSection
EndProject
Project("{FAE04EC0-301F-11D3-BF4B-00C04F79EFBC}") = "MullItOver.Tests", "03\MullItOver.Tests\MullItOver.Tests.csproj", "{1705CBAF-D90F-4303-932B-3AA65AC7A06B}"
EndProject
Project("{FAE04EC0-301F-11D3-BF4B-00C04F79EFBC}") = "MullItOver", "03\MullItOver\MullItOver.csproj", "{B0F3B761-E902-4853-85D0-E4DACABBBD2B}"
EndProject
Global
	GlobalSection(SolutionConfigurationPlatforms) = preSolution
		Debug|Any CPU = Debug|Any CPU
		Release|Any CPU = Release|Any CPU
	EndGlobalSection
	GlobalSection(SolutionProperties) = preSolution
		HideSolutionNode = FALSE
	EndGlobalSection
	GlobalSection(ProjectConfigurationPlatforms) = postSolution
		{1AFE2FF1-A55D-4D86-A9BB-9875CA0D14D8}.Debug|Any CPU.ActiveCfg = Debug|Any CPU
		{1AFE2FF1-A55D-4D86-A9BB-9875CA0D14D8}.Debug|Any CPU.Build.0 = Debug|Any CPU
		{1AFE2FF1-A55D-4D86-A9BB-9875CA0D14D8}.Release|Any CPU.ActiveCfg = Release|Any CPU
		{1AFE2FF1-A55D-4D86-A9BB-9875CA0D14D8}.Release|Any CPU.Build.0 = Release|Any CPU
		{60DB12DB-3F63-4D9E-BA5A-ACEE0C9E1D05}.Debug|Any CPU.ActiveCfg = Debug|Any CPU
		{60DB12DB-3F63-4D9E-BA5A-ACEE0C9E1D05}.Debug|Any CPU.Build.0 = Debug|Any CPU
		{60DB12DB-3F63-4D9E-BA5A-ACEE0C9E1D05}.Release|Any CPU.ActiveCfg = Release|Any CPU
		{60DB12DB-3F63-4D9E-BA5A-ACEE0C9E1D05}.Release|Any CPU.Build.0 = Release|Any CPU
		{C2904CE1-B31B-47E4-B1A3-E2EC30731179}.Debug|Any CPU.ActiveCfg = Debug|Any CPU
		{C2904CE1-B31B-47E4-B1A3-E2EC30731179}.Debug|Any CPU.Build.0 = Debug|Any CPU
		{C2904CE1-B31B-47E4-B1A3-E2EC30731179}.Release|Any CPU.ActiveCfg = Release|Any CPU
		{C2904CE1-B31B-47E4-B1A3-E2EC30731179}.Release|Any CPU.Build.0 = Release|Any CPU
		{8275EA3C-B88A-4719-866C-A5B49BD6B74E}.Debug|Any CPU.ActiveCfg = Debug|Any CPU
		{8275EA3C-B88A-4719-866C-A5B49BD6B74E}.Debug|Any CPU.Build.0 = Debug|Any CPU
		{8275EA3C-B88A-4719-866C-A5B49BD6B74E}.Release|Any CPU.ActiveCfg = Release|Any CPU
		{8275EA3C-B88A-4719-866C-A5B49BD6B74E}.Release|Any CPU.Build.0 = Release|Any CPU
		{1705CBAF-D90F-4303-932B-3AA65AC7A06B}.Debug|Any CPU.ActiveCfg = Debug|Any CPU
		{1705CBAF-D90F-4303-932B-3AA65AC7A06B}.Debug|Any CPU.Build.0 = Debug|Any CPU
		{1705CBAF-D90F-4303-932B-3AA65AC7A06B}.Release|Any CPU.ActiveCfg = Release|Any CPU
		{1705CBAF-D90F-4303-932B-3AA65AC7A06B}.Release|Any CPU.Build.0 = Release|Any CPU
		{B0F3B761-E902-4853-85D0-E4DACABBBD2B}.Debug|Any CPU.ActiveCfg = Debug|Any CPU
		{B0F3B761-E902-4853-85D0-E4DACABBBD2B}.Debug|Any CPU.Build.0 = Debug|Any CPU
		{B0F3B761-E902-4853-85D0-E4DACABBBD2B}.Release|Any CPU.ActiveCfg = Release|Any CPU
		{B0F3B761-E902-4853-85D0-E4DACABBBD2B}.Release|Any CPU.Build.0 = Release|Any CPU
	EndGlobalSection
	GlobalSection(NestedProjects) = preSolution
		{1AFE2FF1-A55D-4D86-A9BB-9875CA0D14D8} = {270B7829-6D23-4B34-91FE-D87D533AF2AB}
		{60DB12DB-3F63-4D9E-BA5A-ACEE0C9E1D05} = {270B7829-6D23-4B34-91FE-D87D533AF2AB}
		{C2904CE1-B31B-47E4-B1A3-E2EC30731179} = {F73AFAD4-FBCE-4A39-B69E-CDA1B3921902}
		{8275EA3C-B88A-4719-866C-A5B49BD6B74E} = {F73AFAD4-FBCE-4A39-B69E-CDA1B3921902}
		{1705CBAF-D90F-4303-932B-3AA65AC7A06B} = {D4B938F3-3B4A-4020-BDD5-6F1A55063F83}
		{B0F3B761-E902-4853-85D0-E4DACABBBD2B} = {D4B938F3-3B4A-4020-BDD5-6F1A55063F83}
	EndGlobalSection
EndGlobal
