
Microsoft Visual Studio Solution File, Format Version 12.00
# Visual Studio Version 17
VisualStudioVersion = 17.0.31903.59
MinimumVisualStudioVersion = 10.0.40219.1
Project("{2150E333-8FDC-42A3-9474-1A3956D46DE8}") = "01", "01", "{270B7829-6D23-4B34-91FE-D87D533AF2AB}"
EndProject
Project("{FAE04EC0-301F-11D3-BF4B-00C04F79EFBC}") = "HistorianHysteria", "01\HistorianHysteria\HistorianHysteria.csproj", "{1AFE2FF1-A55D-4D86-A9BB-9875CA0D14D8}"
EndProject
Project("{FAE04EC0-301F-11D3-BF4B-00C04F79EFBC}") = "HistorianHysteria.Tests", "01\HistorianHysteria.Tests\HistorianHysteria.Tests.csproj", "{60DB12DB-3F63-4D9E-BA5A-ACEE0C9E1D05}"
EndProject
Project("{2150E333-8FDC-42A3-9474-1A3956D46DE8}") = "02", "02", "{F73AFAD4-FBCE-4A39-B69E-CDA1B3921902}"
EndProject
Project("{FAE04EC0-301F-11D3-BF4B-00C04F79EFBC}") = "RedNosedReports", "02\RedNosedReports\RedNosedReports.csproj", "{C2904CE1-B31B-47E4-B1A3-E2EC30731179}"
EndProject
Project("{FAE04EC0-301F-11D3-BF4B-00C04F79EFBC}") = "RedNosedReports.Tests", "02\RedNosedReports.Tests\RedNosedReports.Tests.csproj", "{8275EA3C-B88A-4719-866C-A5B49BD6B74E}"
EndProject
Project("{2150E333-8FDC-42A3-9474-1A3956D46DE8}") = "03", "03", "{D4B938F3-3B4A-4020-BDD5-6F1A55063F83}"
	ProjectSection(SolutionItems) = preProject
		03\INPUT.txt = 03\INPUT.txt
		03\PROBLEM.md = 03\PROBLEM.md
	EndProjectSection
EndProject
Project("{FAE04EC0-301F-11D3-BF4B-00C04F79EFBC}") = "MullItOver.Tests", "03\MullItOver.Tests\MullItOver.Tests.csproj", "{1705CBAF-D90F-4303-932B-3AA65AC7A06B}"
EndProject
Project("{FAE04EC0-301F-11D3-BF4B-00C04F79EFBC}") = "MullItOver", "03\MullItOver\MullItOver.csproj", "{B0F3B761-E902-4853-85D0-E4DACABBBD2B}"
EndProject
Project("{2150E333-8FDC-42A3-9474-1A3956D46DE8}") = "04", "04", "{90547399-676A-4C0E-8CC1-75B7055DE486}"
EndProject
Project("{FAE04EC0-301F-11D3-BF4B-00C04F79EFBC}") = "CeresSearch.Tests", "04\CeresSearch.Tests\CeresSearch.Tests.csproj", "{72B647D7-6F26-4661-BF59-2687233B9976}"
EndProject
Project("{FAE04EC0-301F-11D3-BF4B-00C04F79EFBC}") = "CeresSearch", "04\CeresSearch\CeresSearch.csproj", "{3CC6D885-66BC-4F8B-89BF-C299D31AE9FB}"
EndProject
Project("{2150E333-8FDC-42A3-9474-1A3956D46DE8}") = "05", "05", "{7253666E-E9DA-4F2E-9A19-8C40D96CC7C1}"
	ProjectSection(SolutionItems) = preProject
		05\INPUT.txt = 05\INPUT.txt
	EndProjectSection
EndProject
Project("{FAE04EC0-301F-11D3-BF4B-00C04F79EFBC}") = "PrintQueue", "05\PrintQueue\PrintQueue.csproj", "{DAF18CE4-2203-407C-BACD-8401BECD74AB}"
EndProject
Project("{FAE04EC0-301F-11D3-BF4B-00C04F79EFBC}") = "PrintQueue.Tests", "05\PrintQueue.Tests\PrintQueue.Tests.csproj", "{4563BCC8-A1E6-448C-BF2D-D0A3E85B9654}"
EndProject
Project("{2150E333-8FDC-42A3-9474-1A3956D46DE8}") = "06", "06", "{293B49F7-594F-4F27-B018-A732820FB797}"
	ProjectSection(SolutionItems) = preProject
		06\INPUT.txt = 06\INPUT.txt
		06\PROBLEM.md = 06\PROBLEM.md
	EndProjectSection
EndProject
Project("{FAE04EC0-301F-11D3-BF4B-00C04F79EFBC}") = "GuardGallivant", "06\GuardGallivant\GuardGallivant.csproj", "{ED53DF83-2434-413E-8D03-47694F4B63F7}"
EndProject
Project("{FAE04EC0-301F-11D3-BF4B-00C04F79EFBC}") = "GuardGallivant.Tests", "06\GuardGallivant.Tests\GuardGallivant.Tests.csproj", "{F76B41EB-C479-437E-A98B-137A237E2B71}"
EndProject
Project("{2150E333-8FDC-42A3-9474-1A3956D46DE8}") = "07", "07", "{73EE2FA2-6417-4518-9790-72D4F2B62CAF}"
	ProjectSection(SolutionItems) = preProject
		07\INPUT.txt = 07\INPUT.txt
		07\PROBLEM.md = 07\PROBLEM.md
	EndProjectSection
EndProject
Project("{FAE04EC0-301F-11D3-BF4B-00C04F79EFBC}") = "BridgeRepair", "07\BridgeRepair\BridgeRepair.csproj", "{C9D192EE-0384-4875-BB32-54F7168D6C3C}"
EndProject
Project("{FAE04EC0-301F-11D3-BF4B-00C04F79EFBC}") = "BridgeRepair.Tests", "07\BridgeRepair.Tests\BridgeRepair.Tests.csproj", "{23C9756E-F2F4-44CA-B38A-DB92782D7858}"
EndProject
Project("{2150E333-8FDC-42A3-9474-1A3956D46DE8}") = "08", "08", "{F2A51E88-BCCC-4778-9369-63E72D052554}"
EndProject
Project("{FAE04EC0-301F-11D3-BF4B-00C04F79EFBC}") = "ResonantCollinearity", "08\ResonantCollinearity\ResonantCollinearity.csproj", "{425DF10B-4621-4882-935A-0320F1C4B6DD}"
EndProject
Project("{FAE04EC0-301F-11D3-BF4B-00C04F79EFBC}") = "ResonantCollinearity.Tests", "08\ResonantCollinearity.Tests\ResonantCollinearity.Tests.csproj", "{4741807B-CD85-4A87-BE6E-DC506C4CD1E6}"
EndProject
Project("{2150E333-8FDC-42A3-9474-1A3956D46DE8}") = "09", "09", "{2971DA3F-AD59-4BE1-A860-4F1B60BCB771}"
EndProject
Project("{FAE04EC0-301F-11D3-BF4B-00C04F79EFBC}") = "DiskFragmenter", "09\DiskFragmenter\DiskFragmenter.csproj", "{EDD2A424-2BD0-408F-A32D-E5AE3316B68E}"
EndProject
Project("{FAE04EC0-301F-11D3-BF4B-00C04F79EFBC}") = "DiskFragmenter.Tests", "09\DiskFragmenter.Tests\DiskFragmenter.Tests.csproj", "{9A7AAC2C-A23B-4FFE-8B2B-93E204904866}"
EndProject
Project("{2150E333-8FDC-42A3-9474-1A3956D46DE8}") = "10", "10", "{7AB34145-87D1-4BB5-AF9C-E0239F8BE1DB}"
EndProject
Project("{FAE04EC0-301F-11D3-BF4B-00C04F79EFBC}") = "HoofIt", "10\HoofIt\HoofIt.csproj", "{5C4EC29A-3297-4D53-95EF-80800F3AF68A}"
EndProject
Project("{FAE04EC0-301F-11D3-BF4B-00C04F79EFBC}") = "HoofIt.Tests", "10\HoofIt.Tests\HoofIt.Tests.csproj", "{2FACCE14-0E91-4FAA-9105-711A2B4428C3}"
EndProject
Project("{2150E333-8FDC-42A3-9474-1A3956D46DE8}") = "11", "11", "{F2904315-B827-476F-8CDE-99D2EF115F0A}"
	ProjectSection(SolutionItems) = preProject
		11\INPUT.txt = 11\INPUT.txt
		11\PROBLEM.md = 11\PROBLEM.md
	EndProjectSection
EndProject
Project("{FAE04EC0-301F-11D3-BF4B-00C04F79EFBC}") = "PlutonianPebbles", "11\PlutonianPebbles\PlutonianPebbles.csproj", "{D5FB6D59-FD68-4186-AE98-585B62EF1E4E}"
EndProject
Project("{FAE04EC0-301F-11D3-BF4B-00C04F79EFBC}") = "PlutonianPebbles.Tests", "11\PlutonianPebbles.Tests\PlutonianPebbles.Tests.csproj", "{47276FDB-9A8C-467F-991F-C57AB22DF2B5}"
EndProject
Project("{2150E333-8FDC-42A3-9474-1A3956D46DE8}") = "12", "12", "{8700A6AE-B77C-4B5B-AD15-6E285D43EC78}"
EndProject
Project("{FAE04EC0-301F-11D3-BF4B-00C04F79EFBC}") = "GardenGroups", "12\GardenGroups\GardenGroups.csproj", "{9F285A6D-27CD-4D5A-AF2B-6C4FCC9F934C}"
EndProject
Project("{FAE04EC0-301F-11D3-BF4B-00C04F79EFBC}") = "GardenGroups.Tests", "12\GardenGroups.Tests\GardenGroups.Tests.csproj", "{0214851E-4415-4966-92D8-46809BD13721}"
EndProject
Project("{2150E333-8FDC-42A3-9474-1A3956D46DE8}") = "13", "13", "{D7E6B364-455D-4CA4-AB45-93A320DBEBD6}"
EndProject
Project("{FAE04EC0-301F-11D3-BF4B-00C04F79EFBC}") = "ClawContraption", "13\ClawContraption\ClawContraption.csproj", "{9FA6ACDA-8709-4CEC-A625-98952314F3F4}"
EndProject
Project("{FAE04EC0-301F-11D3-BF4B-00C04F79EFBC}") = "ClawContraption.Tests", "13\ClawContraption.Tests\ClawContraption.Tests.csproj", "{EFA04F8A-F1F3-4F7E-8A06-91CF1DB82261}"
EndProject
Project("{2150E333-8FDC-42A3-9474-1A3956D46DE8}") = "14", "14", "{16AB207E-384E-4580-A134-96650AA0610F}"
EndProject
Project("{FAE04EC0-301F-11D3-BF4B-00C04F79EFBC}") = "RestroomRedoubt", "14\RestroomRedoubt\RestroomRedoubt.csproj", "{456447AF-D3A2-4E18-83B2-9354B5278BF4}"
EndProject
Project("{FAE04EC0-301F-11D3-BF4B-00C04F79EFBC}") = "RestroomRedoubt.Tests", "14\RestroomRedoubt.Tests\RestroomRedoubt.Tests.csproj", "{04FB2527-CCC9-4B4A-AF31-B07D553728DC}"
EndProject
Project("{2150E333-8FDC-42A3-9474-1A3956D46DE8}") = "15", "15", "{4FDDAE22-D617-47B7-AF61-35178EA7F576}"
	ProjectSection(SolutionItems) = preProject
		15\INPUT.txt = 15\INPUT.txt
		15\PROBLEM.md = 15\PROBLEM.md
	EndProjectSection
EndProject
Project("{FAE04EC0-301F-11D3-BF4B-00C04F79EFBC}") = "WarehouseWoes", "15\WarehouseWoes\WarehouseWoes.csproj", "{5A8E58BA-698D-47B0-89AB-74A651DDA0EE}"
EndProject
Project("{FAE04EC0-301F-11D3-BF4B-00C04F79EFBC}") = "WarehouseWoes.Tests", "15\WarehouseWoes.Tests\WarehouseWoes.Tests.csproj", "{055CE647-AEFA-4501-B518-D16FF400E3D0}"
EndProject
Project("{2150E333-8FDC-42A3-9474-1A3956D46DE8}") = "16", "16", "{C50481FF-1766-4C51-BEE3-91BEC5642818}"
	ProjectSection(SolutionItems) = preProject
		16\INPUT.txt = 16\INPUT.txt
		16\PROBLEM.md = 16\PROBLEM.md
	EndProjectSection
EndProject
Project("{FAE04EC0-301F-11D3-BF4B-00C04F79EFBC}") = "ReindeerMaze", "16\ReindeerMaze\ReindeerMaze.csproj", "{5610FB67-037B-4C87-8D5D-E86D9D7DDB51}"
EndProject
Project("{FAE04EC0-301F-11D3-BF4B-00C04F79EFBC}") = "ReindeerMaze.Tests", "16\ReindeerMaze.Tests\ReindeerMaze.Tests.csproj", "{F09B818A-200E-4456-A853-D2F01EB46EEF}"
EndProject
Project("{2150E333-8FDC-42A3-9474-1A3956D46DE8}") = "17", "17", "{C0994C02-8EEC-44C3-845A-C221A7A084D6}"
	ProjectSection(SolutionItems) = preProject
		17\PROBLEM.md = 17\PROBLEM.md
		17\INPUT.txt = 17\INPUT.txt
	EndProjectSection
EndProject
Project("{FAE04EC0-301F-11D3-BF4B-00C04F79EFBC}") = "ChronospatialComputer", "17\ChronospatialComputer\ChronospatialComputer.csproj", "{C5C907A7-DAD1-419B-93A8-47AC6FC70DC7}"
EndProject
Project("{FAE04EC0-301F-11D3-BF4B-00C04F79EFBC}") = "ChronospatialComputer.Tests", "17\ChronospatialComputer.Tests\ChronospatialComputer.Tests.csproj", "{39A54627-9BBC-4528-9CD8-8FE2A0A152B6}"
EndProject
Project("{2150E333-8FDC-42A3-9474-1A3956D46DE8}") = "18", "18", "{B0A56800-A3EC-44D5-89B7-E1F3F83D8D5D}"
	ProjectSection(SolutionItems) = preProject
		18\PROBLEM.md = 18\PROBLEM.md
		18\INPUT.txt = 18\INPUT.txt
	EndProjectSection
EndProject
Project("{FAE04EC0-301F-11D3-BF4B-00C04F79EFBC}") = "RamRun", "18\RamRun\RamRun.csproj", "{05C564A2-EC0E-40D5-AE11-C1DD48F491DA}"
EndProject
Project("{FAE04EC0-301F-11D3-BF4B-00C04F79EFBC}") = "RamRun.Tests", "18\RamRun.Tests\RamRun.Tests.csproj", "{ADCEF8E2-B613-4145-BA0C-522255589708}"
EndProject
Global
	GlobalSection(SolutionConfigurationPlatforms) = preSolution
		Debug|Any CPU = Debug|Any CPU
		Release|Any CPU = Release|Any CPU
	EndGlobalSection
	GlobalSection(SolutionProperties) = preSolution
		HideSolutionNode = FALSE
	EndGlobalSection
	GlobalSection(ProjectConfigurationPlatforms) = postSolution
		{1AFE2FF1-A55D-4D86-A9BB-9875CA0D14D8}.Debug|Any CPU.ActiveCfg = Debug|Any CPU
		{1AFE2FF1-A55D-4D86-A9BB-9875CA0D14D8}.Debug|Any CPU.Build.0 = Debug|Any CPU
		{1AFE2FF1-A55D-4D86-A9BB-9875CA0D14D8}.Release|Any CPU.ActiveCfg = Release|Any CPU
		{1AFE2FF1-A55D-4D86-A9BB-9875CA0D14D8}.Release|Any CPU.Build.0 = Release|Any CPU
		{60DB12DB-3F63-4D9E-BA5A-ACEE0C9E1D05}.Debug|Any CPU.ActiveCfg = Debug|Any CPU
		{60DB12DB-3F63-4D9E-BA5A-ACEE0C9E1D05}.Debug|Any CPU.Build.0 = Debug|Any CPU
		{60DB12DB-3F63-4D9E-BA5A-ACEE0C9E1D05}.Release|Any CPU.ActiveCfg = Release|Any CPU
		{60DB12DB-3F63-4D9E-BA5A-ACEE0C9E1D05}.Release|Any CPU.Build.0 = Release|Any CPU
		{C2904CE1-B31B-47E4-B1A3-E2EC30731179}.Debug|Any CPU.ActiveCfg = Debug|Any CPU
		{C2904CE1-B31B-47E4-B1A3-E2EC30731179}.Debug|Any CPU.Build.0 = Debug|Any CPU
		{C2904CE1-B31B-47E4-B1A3-E2EC30731179}.Release|Any CPU.ActiveCfg = Release|Any CPU
		{C2904CE1-B31B-47E4-B1A3-E2EC30731179}.Release|Any CPU.Build.0 = Release|Any CPU
		{8275EA3C-B88A-4719-866C-A5B49BD6B74E}.Debug|Any CPU.ActiveCfg = Debug|Any CPU
		{8275EA3C-B88A-4719-866C-A5B49BD6B74E}.Debug|Any CPU.Build.0 = Debug|Any CPU
		{8275EA3C-B88A-4719-866C-A5B49BD6B74E}.Release|Any CPU.ActiveCfg = Release|Any CPU
		{8275EA3C-B88A-4719-866C-A5B49BD6B74E}.Release|Any CPU.Build.0 = Release|Any CPU
		{1705CBAF-D90F-4303-932B-3AA65AC7A06B}.Debug|Any CPU.ActiveCfg = Debug|Any CPU
		{1705CBAF-D90F-4303-932B-3AA65AC7A06B}.Debug|Any CPU.Build.0 = Debug|Any CPU
		{1705CBAF-D90F-4303-932B-3AA65AC7A06B}.Release|Any CPU.ActiveCfg = Release|Any CPU
		{1705CBAF-D90F-4303-932B-3AA65AC7A06B}.Release|Any CPU.Build.0 = Release|Any CPU
		{B0F3B761-E902-4853-85D0-E4DACABBBD2B}.Debug|Any CPU.ActiveCfg = Debug|Any CPU
		{B0F3B761-E902-4853-85D0-E4DACABBBD2B}.Debug|Any CPU.Build.0 = Debug|Any CPU
		{B0F3B761-E902-4853-85D0-E4DACABBBD2B}.Release|Any CPU.ActiveCfg = Release|Any CPU
		{B0F3B761-E902-4853-85D0-E4DACABBBD2B}.Release|Any CPU.Build.0 = Release|Any CPU
		{72B647D7-6F26-4661-BF59-2687233B9976}.Debug|Any CPU.ActiveCfg = Debug|Any CPU
		{72B647D7-6F26-4661-BF59-2687233B9976}.Debug|Any CPU.Build.0 = Debug|Any CPU
		{72B647D7-6F26-4661-BF59-2687233B9976}.Release|Any CPU.ActiveCfg = Release|Any CPU
		{72B647D7-6F26-4661-BF59-2687233B9976}.Release|Any CPU.Build.0 = Release|Any CPU
		{3CC6D885-66BC-4F8B-89BF-C299D31AE9FB}.Debug|Any CPU.ActiveCfg = Debug|Any CPU
		{3CC6D885-66BC-4F8B-89BF-C299D31AE9FB}.Debug|Any CPU.Build.0 = Debug|Any CPU
		{3CC6D885-66BC-4F8B-89BF-C299D31AE9FB}.Release|Any CPU.ActiveCfg = Release|Any CPU
		{3CC6D885-66BC-4F8B-89BF-C299D31AE9FB}.Release|Any CPU.Build.0 = Release|Any CPU
		{DAF18CE4-2203-407C-BACD-8401BECD74AB}.Debug|Any CPU.ActiveCfg = Debug|Any CPU
		{DAF18CE4-2203-407C-BACD-8401BECD74AB}.Debug|Any CPU.Build.0 = Debug|Any CPU
		{DAF18CE4-2203-407C-BACD-8401BECD74AB}.Release|Any CPU.ActiveCfg = Release|Any CPU
		{DAF18CE4-2203-407C-BACD-8401BECD74AB}.Release|Any CPU.Build.0 = Release|Any CPU
		{4563BCC8-A1E6-448C-BF2D-D0A3E85B9654}.Debug|Any CPU.ActiveCfg = Debug|Any CPU
		{4563BCC8-A1E6-448C-BF2D-D0A3E85B9654}.Debug|Any CPU.Build.0 = Debug|Any CPU
		{4563BCC8-A1E6-448C-BF2D-D0A3E85B9654}.Release|Any CPU.ActiveCfg = Release|Any CPU
		{4563BCC8-A1E6-448C-BF2D-D0A3E85B9654}.Release|Any CPU.Build.0 = Release|Any CPU
		{ED53DF83-2434-413E-8D03-47694F4B63F7}.Debug|Any CPU.ActiveCfg = Debug|Any CPU
		{ED53DF83-2434-413E-8D03-47694F4B63F7}.Debug|Any CPU.Build.0 = Debug|Any CPU
		{ED53DF83-2434-413E-8D03-47694F4B63F7}.Release|Any CPU.ActiveCfg = Release|Any CPU
		{ED53DF83-2434-413E-8D03-47694F4B63F7}.Release|Any CPU.Build.0 = Release|Any CPU
		{F76B41EB-C479-437E-A98B-137A237E2B71}.Debug|Any CPU.ActiveCfg = Debug|Any CPU
		{F76B41EB-C479-437E-A98B-137A237E2B71}.Debug|Any CPU.Build.0 = Debug|Any CPU
		{F76B41EB-C479-437E-A98B-137A237E2B71}.Release|Any CPU.ActiveCfg = Release|Any CPU
		{F76B41EB-C479-437E-A98B-137A237E2B71}.Release|Any CPU.Build.0 = Release|Any CPU
		{C9D192EE-0384-4875-BB32-54F7168D6C3C}.Debug|Any CPU.ActiveCfg = Debug|Any CPU
		{C9D192EE-0384-4875-BB32-54F7168D6C3C}.Debug|Any CPU.Build.0 = Debug|Any CPU
		{C9D192EE-0384-4875-BB32-54F7168D6C3C}.Release|Any CPU.ActiveCfg = Release|Any CPU
		{C9D192EE-0384-4875-BB32-54F7168D6C3C}.Release|Any CPU.Build.0 = Release|Any CPU
		{23C9756E-F2F4-44CA-B38A-DB92782D7858}.Debug|Any CPU.ActiveCfg = Debug|Any CPU
		{23C9756E-F2F4-44CA-B38A-DB92782D7858}.Debug|Any CPU.Build.0 = Debug|Any CPU
		{23C9756E-F2F4-44CA-B38A-DB92782D7858}.Release|Any CPU.ActiveCfg = Release|Any CPU
		{23C9756E-F2F4-44CA-B38A-DB92782D7858}.Release|Any CPU.Build.0 = Release|Any CPU
		{425DF10B-4621-4882-935A-0320F1C4B6DD}.Debug|Any CPU.ActiveCfg = Debug|Any CPU
		{425DF10B-4621-4882-935A-0320F1C4B6DD}.Debug|Any CPU.Build.0 = Debug|Any CPU
		{425DF10B-4621-4882-935A-0320F1C4B6DD}.Release|Any CPU.ActiveCfg = Release|Any CPU
		{425DF10B-4621-4882-935A-0320F1C4B6DD}.Release|Any CPU.Build.0 = Release|Any CPU
		{4741807B-CD85-4A87-BE6E-DC506C4CD1E6}.Debug|Any CPU.ActiveCfg = Debug|Any CPU
		{4741807B-CD85-4A87-BE6E-DC506C4CD1E6}.Debug|Any CPU.Build.0 = Debug|Any CPU
		{4741807B-CD85-4A87-BE6E-DC506C4CD1E6}.Release|Any CPU.ActiveCfg = Release|Any CPU
		{4741807B-CD85-4A87-BE6E-DC506C4CD1E6}.Release|Any CPU.Build.0 = Release|Any CPU
		{EDD2A424-2BD0-408F-A32D-E5AE3316B68E}.Debug|Any CPU.ActiveCfg = Debug|Any CPU
		{EDD2A424-2BD0-408F-A32D-E5AE3316B68E}.Debug|Any CPU.Build.0 = Debug|Any CPU
		{EDD2A424-2BD0-408F-A32D-E5AE3316B68E}.Release|Any CPU.ActiveCfg = Release|Any CPU
		{EDD2A424-2BD0-408F-A32D-E5AE3316B68E}.Release|Any CPU.Build.0 = Release|Any CPU
		{9A7AAC2C-A23B-4FFE-8B2B-93E204904866}.Debug|Any CPU.ActiveCfg = Debug|Any CPU
		{9A7AAC2C-A23B-4FFE-8B2B-93E204904866}.Debug|Any CPU.Build.0 = Debug|Any CPU
		{9A7AAC2C-A23B-4FFE-8B2B-93E204904866}.Release|Any CPU.ActiveCfg = Release|Any CPU
		{9A7AAC2C-A23B-4FFE-8B2B-93E204904866}.Release|Any CPU.Build.0 = Release|Any CPU
		{5C4EC29A-3297-4D53-95EF-80800F3AF68A}.Debug|Any CPU.ActiveCfg = Debug|Any CPU
		{5C4EC29A-3297-4D53-95EF-80800F3AF68A}.Debug|Any CPU.Build.0 = Debug|Any CPU
		{5C4EC29A-3297-4D53-95EF-80800F3AF68A}.Release|Any CPU.ActiveCfg = Release|Any CPU
		{5C4EC29A-3297-4D53-95EF-80800F3AF68A}.Release|Any CPU.Build.0 = Release|Any CPU
		{2FACCE14-0E91-4FAA-9105-711A2B4428C3}.Debug|Any CPU.ActiveCfg = Debug|Any CPU
		{2FACCE14-0E91-4FAA-9105-711A2B4428C3}.Debug|Any CPU.Build.0 = Debug|Any CPU
		{2FACCE14-0E91-4FAA-9105-711A2B4428C3}.Release|Any CPU.ActiveCfg = Release|Any CPU
		{2FACCE14-0E91-4FAA-9105-711A2B4428C3}.Release|Any CPU.Build.0 = Release|Any CPU
		{D5FB6D59-FD68-4186-AE98-585B62EF1E4E}.Debug|Any CPU.ActiveCfg = Debug|Any CPU
		{D5FB6D59-FD68-4186-AE98-585B62EF1E4E}.Debug|Any CPU.Build.0 = Debug|Any CPU
		{D5FB6D59-FD68-4186-AE98-585B62EF1E4E}.Release|Any CPU.ActiveCfg = Release|Any CPU
		{D5FB6D59-FD68-4186-AE98-585B62EF1E4E}.Release|Any CPU.Build.0 = Release|Any CPU
		{47276FDB-9A8C-467F-991F-C57AB22DF2B5}.Debug|Any CPU.ActiveCfg = Debug|Any CPU
		{47276FDB-9A8C-467F-991F-C57AB22DF2B5}.Debug|Any CPU.Build.0 = Debug|Any CPU
		{47276FDB-9A8C-467F-991F-C57AB22DF2B5}.Release|Any CPU.ActiveCfg = Release|Any CPU
		{47276FDB-9A8C-467F-991F-C57AB22DF2B5}.Release|Any CPU.Build.0 = Release|Any CPU
		{9F285A6D-27CD-4D5A-AF2B-6C4FCC9F934C}.Debug|Any CPU.ActiveCfg = Debug|Any CPU
		{9F285A6D-27CD-4D5A-AF2B-6C4FCC9F934C}.Debug|Any CPU.Build.0 = Debug|Any CPU
		{9F285A6D-27CD-4D5A-AF2B-6C4FCC9F934C}.Release|Any CPU.ActiveCfg = Release|Any CPU
		{9F285A6D-27CD-4D5A-AF2B-6C4FCC9F934C}.Release|Any CPU.Build.0 = Release|Any CPU
		{0214851E-4415-4966-92D8-46809BD13721}.Debug|Any CPU.ActiveCfg = Debug|Any CPU
		{0214851E-4415-4966-92D8-46809BD13721}.Debug|Any CPU.Build.0 = Debug|Any CPU
		{0214851E-4415-4966-92D8-46809BD13721}.Release|Any CPU.ActiveCfg = Release|Any CPU
		{0214851E-4415-4966-92D8-46809BD13721}.Release|Any CPU.Build.0 = Release|Any CPU
		{9FA6ACDA-8709-4CEC-A625-98952314F3F4}.Debug|Any CPU.ActiveCfg = Debug|Any CPU
		{9FA6ACDA-8709-4CEC-A625-98952314F3F4}.Debug|Any CPU.Build.0 = Debug|Any CPU
		{9FA6ACDA-8709-4CEC-A625-98952314F3F4}.Release|Any CPU.ActiveCfg = Release|Any CPU
		{9FA6ACDA-8709-4CEC-A625-98952314F3F4}.Release|Any CPU.Build.0 = Release|Any CPU
		{EFA04F8A-F1F3-4F7E-8A06-91CF1DB82261}.Debug|Any CPU.ActiveCfg = Debug|Any CPU
		{EFA04F8A-F1F3-4F7E-8A06-91CF1DB82261}.Debug|Any CPU.Build.0 = Debug|Any CPU
		{EFA04F8A-F1F3-4F7E-8A06-91CF1DB82261}.Release|Any CPU.ActiveCfg = Release|Any CPU
		{EFA04F8A-F1F3-4F7E-8A06-91CF1DB82261}.Release|Any CPU.Build.0 = Release|Any CPU
		{456447AF-D3A2-4E18-83B2-9354B5278BF4}.Debug|Any CPU.ActiveCfg = Debug|Any CPU
		{456447AF-D3A2-4E18-83B2-9354B5278BF4}.Debug|Any CPU.Build.0 = Debug|Any CPU
		{456447AF-D3A2-4E18-83B2-9354B5278BF4}.Release|Any CPU.ActiveCfg = Release|Any CPU
		{456447AF-D3A2-4E18-83B2-9354B5278BF4}.Release|Any CPU.Build.0 = Release|Any CPU
		{04FB2527-CCC9-4B4A-AF31-B07D553728DC}.Debug|Any CPU.ActiveCfg = Debug|Any CPU
		{04FB2527-CCC9-4B4A-AF31-B07D553728DC}.Debug|Any CPU.Build.0 = Debug|Any CPU
		{04FB2527-CCC9-4B4A-AF31-B07D553728DC}.Release|Any CPU.ActiveCfg = Release|Any CPU
		{04FB2527-CCC9-4B4A-AF31-B07D553728DC}.Release|Any CPU.Build.0 = Release|Any CPU
		{5A8E58BA-698D-47B0-89AB-74A651DDA0EE}.Debug|Any CPU.ActiveCfg = Debug|Any CPU
		{5A8E58BA-698D-47B0-89AB-74A651DDA0EE}.Debug|Any CPU.Build.0 = Debug|Any CPU
		{5A8E58BA-698D-47B0-89AB-74A651DDA0EE}.Release|Any CPU.ActiveCfg = Release|Any CPU
		{5A8E58BA-698D-47B0-89AB-74A651DDA0EE}.Release|Any CPU.Build.0 = Release|Any CPU
		{055CE647-AEFA-4501-B518-D16FF400E3D0}.Debug|Any CPU.ActiveCfg = Debug|Any CPU
		{055CE647-AEFA-4501-B518-D16FF400E3D0}.Debug|Any CPU.Build.0 = Debug|Any CPU
		{055CE647-AEFA-4501-B518-D16FF400E3D0}.Release|Any CPU.ActiveCfg = Release|Any CPU
		{055CE647-AEFA-4501-B518-D16FF400E3D0}.Release|Any CPU.Build.0 = Release|Any CPU
		{5610FB67-037B-4C87-8D5D-E86D9D7DDB51}.Debug|Any CPU.ActiveCfg = Debug|Any CPU
		{5610FB67-037B-4C87-8D5D-E86D9D7DDB51}.Debug|Any CPU.Build.0 = Debug|Any CPU
		{5610FB67-037B-4C87-8D5D-E86D9D7DDB51}.Release|Any CPU.ActiveCfg = Release|Any CPU
		{5610FB67-037B-4C87-8D5D-E86D9D7DDB51}.Release|Any CPU.Build.0 = Release|Any CPU
		{F09B818A-200E-4456-A853-D2F01EB46EEF}.Debug|Any CPU.ActiveCfg = Debug|Any CPU
		{F09B818A-200E-4456-A853-D2F01EB46EEF}.Debug|Any CPU.Build.0 = Debug|Any CPU
		{F09B818A-200E-4456-A853-D2F01EB46EEF}.Release|Any CPU.ActiveCfg = Release|Any CPU
		{F09B818A-200E-4456-A853-D2F01EB46EEF}.Release|Any CPU.Build.0 = Release|Any CPU
		{C5C907A7-DAD1-419B-93A8-47AC6FC70DC7}.Debug|Any CPU.ActiveCfg = Debug|Any CPU
		{C5C907A7-DAD1-419B-93A8-47AC6FC70DC7}.Debug|Any CPU.Build.0 = Debug|Any CPU
		{C5C907A7-DAD1-419B-93A8-47AC6FC70DC7}.Release|Any CPU.ActiveCfg = Release|Any CPU
		{C5C907A7-DAD1-419B-93A8-47AC6FC70DC7}.Release|Any CPU.Build.0 = Release|Any CPU
		{39A54627-9BBC-4528-9CD8-8FE2A0A152B6}.Debug|Any CPU.ActiveCfg = Debug|Any CPU
		{39A54627-9BBC-4528-9CD8-8FE2A0A152B6}.Debug|Any CPU.Build.0 = Debug|Any CPU
		{39A54627-9BBC-4528-9CD8-8FE2A0A152B6}.Release|Any CPU.ActiveCfg = Release|Any CPU
		{39A54627-9BBC-4528-9CD8-8FE2A0A152B6}.Release|Any CPU.Build.0 = Release|Any CPU
		{05C564A2-EC0E-40D5-AE11-C1DD48F491DA}.Debug|Any CPU.ActiveCfg = Debug|Any CPU
		{05C564A2-EC0E-40D5-AE11-C1DD48F491DA}.Debug|Any CPU.Build.0 = Debug|Any CPU
		{05C564A2-EC0E-40D5-AE11-C1DD48F491DA}.Release|Any CPU.ActiveCfg = Release|Any CPU
		{05C564A2-EC0E-40D5-AE11-C1DD48F491DA}.Release|Any CPU.Build.0 = Release|Any CPU
		{ADCEF8E2-B613-4145-BA0C-522255589708}.Debug|Any CPU.ActiveCfg = Debug|Any CPU
		{ADCEF8E2-B613-4145-BA0C-522255589708}.Debug|Any CPU.Build.0 = Debug|Any CPU
		{ADCEF8E2-B613-4145-BA0C-522255589708}.Release|Any CPU.ActiveCfg = Release|Any CPU
		{ADCEF8E2-B613-4145-BA0C-522255589708}.Release|Any CPU.Build.0 = Release|Any CPU
	EndGlobalSection
	GlobalSection(NestedProjects) = preSolution
		{1AFE2FF1-A55D-4D86-A9BB-9875CA0D14D8} = {270B7829-6D23-4B34-91FE-D87D533AF2AB}
		{60DB12DB-3F63-4D9E-BA5A-ACEE0C9E1D05} = {270B7829-6D23-4B34-91FE-D87D533AF2AB}
		{C2904CE1-B31B-47E4-B1A3-E2EC30731179} = {F73AFAD4-FBCE-4A39-B69E-CDA1B3921902}
		{8275EA3C-B88A-4719-866C-A5B49BD6B74E} = {F73AFAD4-FBCE-4A39-B69E-CDA1B3921902}
		{1705CBAF-D90F-4303-932B-3AA65AC7A06B} = {D4B938F3-3B4A-4020-BDD5-6F1A55063F83}
		{B0F3B761-E902-4853-85D0-E4DACABBBD2B} = {D4B938F3-3B4A-4020-BDD5-6F1A55063F83}
		{72B647D7-6F26-4661-BF59-2687233B9976} = {90547399-676A-4C0E-8CC1-75B7055DE486}
		{3CC6D885-66BC-4F8B-89BF-C299D31AE9FB} = {90547399-676A-4C0E-8CC1-75B7055DE486}
		{DAF18CE4-2203-407C-BACD-8401BECD74AB} = {7253666E-E9DA-4F2E-9A19-8C40D96CC7C1}
		{4563BCC8-A1E6-448C-BF2D-D0A3E85B9654} = {7253666E-E9DA-4F2E-9A19-8C40D96CC7C1}
		{ED53DF83-2434-413E-8D03-47694F4B63F7} = {293B49F7-594F-4F27-B018-A732820FB797}
		{F76B41EB-C479-437E-A98B-137A237E2B71} = {293B49F7-594F-4F27-B018-A732820FB797}
		{C9D192EE-0384-4875-BB32-54F7168D6C3C} = {73EE2FA2-6417-4518-9790-72D4F2B62CAF}
		{23C9756E-F2F4-44CA-B38A-DB92782D7858} = {73EE2FA2-6417-4518-9790-72D4F2B62CAF}
		{425DF10B-4621-4882-935A-0320F1C4B6DD} = {F2A51E88-BCCC-4778-9369-63E72D052554}
		{4741807B-CD85-4A87-BE6E-DC506C4CD1E6} = {F2A51E88-BCCC-4778-9369-63E72D052554}
		{EDD2A424-2BD0-408F-A32D-E5AE3316B68E} = {2971DA3F-AD59-4BE1-A860-4F1B60BCB771}
		{9A7AAC2C-A23B-4FFE-8B2B-93E204904866} = {2971DA3F-AD59-4BE1-A860-4F1B60BCB771}
		{5C4EC29A-3297-4D53-95EF-80800F3AF68A} = {7AB34145-87D1-4BB5-AF9C-E0239F8BE1DB}
		{2FACCE14-0E91-4FAA-9105-711A2B4428C3} = {7AB34145-87D1-4BB5-AF9C-E0239F8BE1DB}
		{D5FB6D59-FD68-4186-AE98-585B62EF1E4E} = {F2904315-B827-476F-8CDE-99D2EF115F0A}
		{47276FDB-9A8C-467F-991F-C57AB22DF2B5} = {F2904315-B827-476F-8CDE-99D2EF115F0A}
		{9F285A6D-27CD-4D5A-AF2B-6C4FCC9F934C} = {8700A6AE-B77C-4B5B-AD15-6E285D43EC78}
		{0214851E-4415-4966-92D8-46809BD13721} = {8700A6AE-B77C-4B5B-AD15-6E285D43EC78}
		{9FA6ACDA-8709-4CEC-A625-98952314F3F4} = {D7E6B364-455D-4CA4-AB45-93A320DBEBD6}
		{EFA04F8A-F1F3-4F7E-8A06-91CF1DB82261} = {D7E6B364-455D-4CA4-AB45-93A320DBEBD6}
		{456447AF-D3A2-4E18-83B2-9354B5278BF4} = {16AB207E-384E-4580-A134-96650AA0610F}
		{04FB2527-CCC9-4B4A-AF31-B07D553728DC} = {16AB207E-384E-4580-A134-96650AA0610F}
		{5A8E58BA-698D-47B0-89AB-74A651DDA0EE} = {4FDDAE22-D617-47B7-AF61-35178EA7F576}
		{055CE647-AEFA-4501-B518-D16FF400E3D0} = {4FDDAE22-D617-47B7-AF61-35178EA7F576}
		{5610FB67-037B-4C87-8D5D-E86D9D7DDB51} = {C50481FF-1766-4C51-BEE3-91BEC5642818}
		{F09B818A-200E-4456-A853-D2F01EB46EEF} = {C50481FF-1766-4C51-BEE3-91BEC5642818}
		{C5C907A7-DAD1-419B-93A8-47AC6FC70DC7} = {C0994C02-8EEC-44C3-845A-C221A7A084D6}
		{39A54627-9BBC-4528-9CD8-8FE2A0A152B6} = {C0994C02-8EEC-44C3-845A-C221A7A084D6}
		{05C564A2-EC0E-40D5-AE11-C1DD48F491DA} = {B0A56800-A3EC-44D5-89B7-E1F3F83D8D5D}
		{ADCEF8E2-B613-4145-BA0C-522255589708} = {B0A56800-A3EC-44D5-89B7-E1F3F83D8D5D}
	EndGlobalSection
EndGlobal
